
Microsoft Visual Studio Solution File, Format Version 12.00
# Visual Studio Version 17
VisualStudioVersion = 17.0.31903.59
MinimumVisualStudioVersion = 10.0.40219.1
Project("{9A19103F-16F7-4668-BE54-9A1E7A4F7556}") = "Mjos.Clean.Domain", "Mjos.Clean.Domain\Mjos.Clean.Domain.csproj", "{8028B91D-C076-4BFE-A587-418F3A6F851F}"
EndProject
Project("{2150E333-8FDC-42A3-9474-1A3956D46DE8}") = "Core", "Core", "{B43F7E67-562A-4EB9-8574-0A70366219A1}"
EndProject
Project("{2150E333-8FDC-42A3-9474-1A3956D46DE8}") = "Git", "Git", "{EA5DBFC4-9556-474D-8139-4A4D86C41EE8}"
	ProjectSection(SolutionItems) = preProject
		README.md = README.md
	EndProjectSection
EndProject
Project("{9A19103F-16F7-4668-BE54-9A1E7A4F7556}") = "Mjos.Clean.Shared", "Mjos.Clean.Shared\Mjos.Clean.Shared.csproj", "{45D8EABF-CEF3-45D2-A113-5009CC16A0B8}"
EndProject
Project("{2150E333-8FDC-42A3-9474-1A3956D46DE8}") = "Shared", "Shared", "{FBED6A6F-0636-47B5-B29D-74FEF8CA9C5A}"
EndProject
Project("{9A19103F-16F7-4668-BE54-9A1E7A4F7556}") = "Mjos.Clean.Application", "Mjos.Clean.Application\Mjos.Clean.Application.csproj", "{C3777114-38F6-4992-B9F6-B4E06FD5BB40}"
EndProject
Project("{2150E333-8FDC-42A3-9474-1A3956D46DE8}") = "Infrastructure", "Infrastructure", "{6C67CC97-3092-4C4A-A620-FFE32EFB40FC}"
EndProject
Project("{9A19103F-16F7-4668-BE54-9A1E7A4F7556}") = "Mjos.Clean.Infrastructure", "Mjos.Clean.Infrastructure\Mjos.Clean.Infrastructure.csproj", "{651164F1-ACB7-4001-BE2E-7F3F970265E0}"
EndProject
Global
	GlobalSection(SolutionConfigurationPlatforms) = preSolution
		Debug|Any CPU = Debug|Any CPU
		Release|Any CPU = Release|Any CPU
	EndGlobalSection
	GlobalSection(ProjectConfigurationPlatforms) = postSolution
		{8028B91D-C076-4BFE-A587-418F3A6F851F}.Debug|Any CPU.ActiveCfg = Debug|Any CPU
		{8028B91D-C076-4BFE-A587-418F3A6F851F}.Debug|Any CPU.Build.0 = Debug|Any CPU
		{8028B91D-C076-4BFE-A587-418F3A6F851F}.Release|Any CPU.ActiveCfg = Release|Any CPU
		{8028B91D-C076-4BFE-A587-418F3A6F851F}.Release|Any CPU.Build.0 = Release|Any CPU
		{45D8EABF-CEF3-45D2-A113-5009CC16A0B8}.Debug|Any CPU.ActiveCfg = Debug|Any CPU
		{45D8EABF-CEF3-45D2-A113-5009CC16A0B8}.Debug|Any CPU.Build.0 = Debug|Any CPU
		{45D8EABF-CEF3-45D2-A113-5009CC16A0B8}.Release|Any CPU.ActiveCfg = Release|Any CPU
		{45D8EABF-CEF3-45D2-A113-5009CC16A0B8}.Release|Any CPU.Build.0 = Release|Any CPU
		{C3777114-38F6-4992-B9F6-B4E06FD5BB40}.Debug|Any CPU.ActiveCfg = Debug|Any CPU
		{C3777114-38F6-4992-B9F6-B4E06FD5BB40}.Debug|Any CPU.Build.0 = Debug|Any CPU
		{C3777114-38F6-4992-B9F6-B4E06FD5BB40}.Release|Any CPU.ActiveCfg = Release|Any CPU
		{C3777114-38F6-4992-B9F6-B4E06FD5BB40}.Release|Any CPU.Build.0 = Release|Any CPU
		{651164F1-ACB7-4001-BE2E-7F3F970265E0}.Debug|Any CPU.ActiveCfg = Debug|Any CPU
		{651164F1-ACB7-4001-BE2E-7F3F970265E0}.Debug|Any CPU.Build.0 = Debug|Any CPU
		{651164F1-ACB7-4001-BE2E-7F3F970265E0}.Release|Any CPU.ActiveCfg = Release|Any CPU
		{651164F1-ACB7-4001-BE2E-7F3F970265E0}.Release|Any CPU.Build.0 = Release|Any CPU
	EndGlobalSection
	GlobalSection(SolutionProperties) = preSolution
		HideSolutionNode = FALSE
	EndGlobalSection
	GlobalSection(NestedProjects) = preSolution
		{8028B91D-C076-4BFE-A587-418F3A6F851F} = {B43F7E67-562A-4EB9-8574-0A70366219A1}
		{45D8EABF-CEF3-45D2-A113-5009CC16A0B8} = {FBED6A6F-0636-47B5-B29D-74FEF8CA9C5A}
		{C3777114-38F6-4992-B9F6-B4E06FD5BB40} = {B43F7E67-562A-4EB9-8574-0A70366219A1}
		{651164F1-ACB7-4001-BE2E-7F3F970265E0} = {6C67CC97-3092-4C4A-A620-FFE32EFB40FC}
	EndGlobalSection
	GlobalSection(ExtensibilityGlobals) = postSolution
		SolutionGuid = {E13BADBD-7CC9-4A96-B0CC-81EFAC7D3B2D}
	EndGlobalSection
EndGlobal
